
Microsoft Visual Studio Solution File, Format Version 12.00
# Visual Studio Version 17
VisualStudioVersion = 17.14.36408.4 d17.14
MinimumVisualStudioVersion = 10.0.40219.1
Project("{FAE04EC0-301F-11D3-BF4B-00C04F79EFBC}") = "Captcha", "Captcha\Captcha.csproj", "{378EAF76-BAB9-48B5-80E2-EF4C810CC266}"
EndProject
Global
	GlobalSection(SolutionConfigurationPlatforms) = preSolution
		Debug|Any CPU = Debug|Any CPU
		Release|Any CPU = Release|Any CPU
	EndGlobalSection
	GlobalSection(ProjectConfigurationPlatforms) = postSolution
		{378EAF76-BAB9-48B5-80E2-EF4C810CC266}.Debug|Any CPU.ActiveCfg = Debug|Any CPU
		{378EAF76-BAB9-48B5-80E2-EF4C810CC266}.Debug|Any CPU.Build.0 = Debug|Any CPU
		{378EAF76-BAB9-48B5-80E2-EF4C810CC266}.Release|Any CPU.ActiveCfg = Release|Any CPU
		{378EAF76-BAB9-48B5-80E2-EF4C810CC266}.Release|Any CPU.Build.0 = Release|Any CPU
	EndGlobalSection
	GlobalSection(SolutionProperties) = preSolution
		HideSolutionNode = FALSE
	EndGlobalSection
	GlobalSection(ExtensibilityGlobals) = postSolution
		SolutionGuid = {E875826C-F0E8-4092-9DD6-F63C2325FF46}
	EndGlobalSection
EndGlobal
